
Microsoft Visual Studio Solution File, Format Version 12.00
Project("{FAE04EC0-301F-11D3-BF4B-00C04F79EFBC}") = "MvvmLib", "MvvmLib.csproj", "{F081AD53-4A75-403A-B738-FF87BB14E1E0}"
EndProject
Global
	GlobalSection(SolutionConfigurationPlatforms) = preSolution
		Debug|Any CPU = Debug|Any CPU
		Release|Any CPU = Release|Any CPU
	EndGlobalSection
	GlobalSection(ProjectConfigurationPlatforms) = postSolution
		{F081AD53-4A75-403A-B738-FF87BB14E1E0}.Debug|Any CPU.ActiveCfg = Debug|Any CPU
		{F081AD53-4A75-403A-B738-FF87BB14E1E0}.Debug|Any CPU.Build.0 = Debug|Any CPU
		{F081AD53-4A75-403A-B738-FF87BB14E1E0}.Release|Any CPU.ActiveCfg = Release|Any CPU
		{F081AD53-4A75-403A-B738-FF87BB14E1E0}.Release|Any CPU.Build.0 = Release|Any CPU
	EndGlobalSection
EndGlobal
