
Microsoft Visual Studio Solution File, Format Version 12.00
Project("{FAE04EC0-301F-11D3-BF4B-00C04F79EFBC}") = "CollectionControls", "CollectionControls.csproj", "{8798EB7C-2874-4CB8-8720-B4BC63F7D293}"
EndProject
Global
	GlobalSection(SolutionConfigurationPlatforms) = preSolution
		Debug|Any CPU = Debug|Any CPU
		Release|Any CPU = Release|Any CPU
	EndGlobalSection
	GlobalSection(ProjectConfigurationPlatforms) = postSolution
		{8798EB7C-2874-4CB8-8720-B4BC63F7D293}.Debug|Any CPU.ActiveCfg = Debug|Any CPU
		{8798EB7C-2874-4CB8-8720-B4BC63F7D293}.Debug|Any CPU.Build.0 = Debug|Any CPU
		{8798EB7C-2874-4CB8-8720-B4BC63F7D293}.Release|Any CPU.ActiveCfg = Release|Any CPU
		{8798EB7C-2874-4CB8-8720-B4BC63F7D293}.Release|Any CPU.Build.0 = Release|Any CPU
	EndGlobalSection
EndGlobal
